
Microsoft Visual Studio Solution File, Format Version 12.00
# Visual Studio Version 16
VisualStudioVersion = 16.0.29613.14
MinimumVisualStudioVersion = 10.0.40219.1
Project("{9A19103F-16F7-4668-BE54-9A1E7A4F7556}") = "webapicore", "webapicore.csproj", "{51AD07A8-2F77-41F0-9690-634CA286CCDE}"
EndProject
Global
	GlobalSection(SolutionConfigurationPlatforms) = preSolution
		Debug|Any CPU = Debug|Any CPU
		Release|Any CPU = Release|Any CPU
	EndGlobalSection
	GlobalSection(ProjectConfigurationPlatforms) = postSolution
		{51AD07A8-2F77-41F0-9690-634CA286CCDE}.Debug|Any CPU.ActiveCfg = Debug|Any CPU
		{51AD07A8-2F77-41F0-9690-634CA286CCDE}.Debug|Any CPU.Build.0 = Debug|Any CPU
		{51AD07A8-2F77-41F0-9690-634CA286CCDE}.Release|Any CPU.ActiveCfg = Release|Any CPU
		{51AD07A8-2F77-41F0-9690-634CA286CCDE}.Release|Any CPU.Build.0 = Release|Any CPU
	EndGlobalSection
	GlobalSection(SolutionProperties) = preSolution
		HideSolutionNode = FALSE
	EndGlobalSection
	GlobalSection(ExtensibilityGlobals) = postSolution
		SolutionGuid = {B0325026-0CC3-4413-912C-04CDAE476898}
	EndGlobalSection
EndGlobal
